version = 1
revision = 3
requires-python = "==3.14.*"

[[package]]
name = "basedpyright"
version = "1.39.9"
source = { registry = "https://pypi.org/simple" }
dependencies = [
    { name = "nodejs-wheel-binaries" },
]
sdist = { url = "https://files.pythonhosted.org/packages/7a/4b/c1f4e211e50389304d6af32b9280e026a7133e3ad59bbdf8f7a3250f8bee/basedpyright-1.39.9.tar.gz", hash = "sha256:32cbea5fc8273e89df3db20daea56cb7286e419ccdfdc479c64759d2dc071901", size = 24412216, upload-time = "2026-06-27T02:19:49.834Z" }
wheels = [
    { url = "https://files.pythonhosted.org/packages/2a/d4/e1fa108710d0498a18c77b1e13897f31eab47c69aa8cfe2d2a4df746541e/basedpyright-1.39.9-py3-none-any.whl", hash = "sha256:6b0837b9eba972c71895167ab9b127e6afdbc17abc92312e3f8d15ca82a5611c", size = 13374276, upload-time = "2026-06-27T02:19:54.431Z" },
]

[[package]]
name = "{{PROJECT_NAME}}"
version = "0.1.0"
source = { virtual = "." }

[package.dev-dependencies]
dev = [
    { name = "basedpyright" },
    { name = "hypothesis" },
]

[package.metadata]

[package.metadata.requires-dev]
dev = [
    { name = "basedpyright", specifier = "==1.39.9" },
    { name = "hypothesis", specifier = "==6.160.0" },
]

[[package]]
name = "hypothesis"
version = "6.160.0"
source = { registry = "https://pypi.org/simple" }
dependencies = [
    { name = "sortedcontainers" },
]
sdist = { url = "https://files.pythonhosted.org/packages/27/18/824aedbd4117d769862a2722ea2371aa61433a38bfb5355e5dc113b564c2/hypothesis-6.160.0.tar.gz", hash = "sha256:149400acbb7382e2ce6810a52e86a9fd6d4e5c4a47660818abb438cde76aa5d1", size = 485677, upload-time = "2026-07-22T14:12:13.331Z" }
wheels = [
    { url = "https://files.pythonhosted.org/packages/ad/c6/39fa718992b7529d1f68532a3554b9479f27f6a46aa5859c0d909bde0a40/hypothesis-6.160.0-cp310-abi3-macosx_10_12_x86_64.whl", hash = "sha256:69e1511325901fcd570fbd88779882e30cb280aeedd9708093aab4b25f7cdbf5", size = 766096, upload-time = "2026-07-22T14:11:58.283Z" },
    { url = "https://files.pythonhosted.org/packages/94/1b/81b54dbf97baa4026034579ce63b56d3d35c0d22b72b032c68e23bbda92b/hypothesis-6.160.0-cp310-abi3-macosx_11_0_arm64.whl", hash = "sha256:1ba0f1dd0f2872b7f7230a3884a0d739917d57262d0e9e3c8ee34b775f95a553", size = 761752, upload-time = "2026-07-22T14:11:42.682Z" },
    { url = "https://files.pythonhosted.org/packages/ea/02/fa35cf37fd801d1e952e2168c0b5542f99c77024098f954cd515f2101910/hypothesis-6.160.0-cp310-abi3-manylinux_2_17_aarch64.manylinux2014_aarch64.whl", hash = "sha256:3f9116a80ed96060a7fbc8d50cc5e93dec10d72f70f61e9184628dbcba2f9a2f", size = 1090928, upload-time = "2026-07-22T14:12:05.158Z" },
    { url = "https://files.pythonhosted.org/packages/a7/35/f2422a4287bbac99d6317a10e7add5f24abe069952c503cb3512e91bebc0/hypothesis-6.160.0-cp310-abi3-manylinux_2_17_x86_64.manylinux2014_x86_64.whl", hash = "sha256:065cfed699889b6c05265ca4f97e8c7bb85800d3d3146f4741b68ef7be1fed18", size = 1140474, upload-time = "2026-07-22T14:11:50.558Z" },
    { url = "https://files.pythonhosted.org/packages/bc/ef/7504f31be0c9dfd8c69b1e068564e0c1126a82ab753abcb20c4bacd1544b/hypothesis-6.160.0-cp310-abi3-manylinux_2_5_i686.manylinux1_i686.whl", hash = "sha256:52e0cdc8fcd34b121a213205f239545fec38142014114afc721d1c867ac34834", size = 1132509, upload-time = "2026-07-22T14:11:48.702Z" },
    { url = "https://files.pythonhosted.org/packages/b4/39/8c7a5cfc336e0bdd7b7ae1d8807028b2b46c03979a5d82e8992b4ba2b81c/hypothesis-6.160.0-cp310-abi3-musllinux_1_2_aarch64.whl", hash = "sha256:4868821ffba805970441fec1b0635ea123f01aa6b71fc8f2d9550ee782f1ecd7", size = 1264762, upload-time = "2026-07-22T14:10:30.068Z" },
    { url = "https://files.pythonhosted.org/packages/ac/00/0d47e996ccbfa1eceb66d285b6fbf248c7c020e4e18b1bea09b18f05f6f5/hypothesis-6.160.0-cp310-abi3-musllinux_1_2_x86_64.whl", hash = "sha256:64cf59670080aeb3c6048d62df0f6352586410745d14d7045a692eb5d2245110", size = 1307495, upload-time = "2026-07-22T14:11:33.978Z" },
    { url = "https://files.pythonhosted.org/packages/1a/b8/01f731cfcf9fc475adbde3c328d0c8f1d24952b4dd2a5049e7156aa64d9c/hypothesis-6.160.0-cp310-abi3-win32.whl", hash = "sha256:993c26c81e9cc9f291cdb64f54aa8f31507d2d472d0f1334f8ba9e7d77666911", size = 651991, upload-time = "2026-07-22T14:11:21.375Z" },
    { url = "https://files.pythonhosted.org/packages/87/12/95216fe9a84cafc9bc721b4352cf9b78bf0e9089f278811fbd58c76dbe3f/hypothesis-6.160.0-cp310-abi3-win_amd64.whl", hash = "sha256:95a4b0e1faa366d0cc9d7ce261773cec69f4f130b845ca33b71c22c85493c35d", size = 658114, upload-time = "2026-07-22T14:10:54.298Z" },
    { url = "https://files.pythonhosted.org/packages/a1/b9/3b92edf73785218f084521c2be9506ce6e5c63a64662cda074e588ff3071/hypothesis-6.160.0-cp314-cp314-macosx_10_12_x86_64.whl", hash = "sha256:9bd3d333a501f1faf8611159a998eb1bb28c43b620822ba6c8b2463f5de2a136", size = 767796, upload-time = "2026-07-22T14:11:28.865Z" },
    { url = "https://files.pythonhosted.org/packages/12/c7/eefd510bffc66320015169e2c6669e3a08ea29dda84d81655ecc1c6cbd8c/hypothesis-6.160.0-cp314-cp314-macosx_11_0_arm64.whl", hash = "sha256:21ee82802c25282d692eaec7d3b960176c10eb6dc70853b152c5bc6b3b6faf02", size = 759410, upload-time = "2026-07-22T14:10:31.902Z" },
    { url = "https://files.pythonhosted.org/packages/1d/e4/6ad1e558d2df6900b0ad9d17081fbed4a74ffb01d86e64813cab4eaf45f1/hypothesis-6.160.0-cp314-cp314-manylinux_2_17_aarch64.manylinux2014_aarch64.whl", hash = "sha256:b7d71e85548be9dd3a6eb59904daa85d5879e337cb69ad42cc2267c05a17ab26", size = 1090131, upload-time = "2026-07-22T14:11:44.448Z" },
    { url = "https://files.pythonhosted.org/packages/69/94/0d2fef37f9ff89b38b943cc38e12b45fda47cd06704d09bdeb890063d3bc/hypothesis-6.160.0-cp314-cp314-manylinux_2_17_x86_64.manylinux2014_x86_64.whl", hash = "sha256:4af833bb623f37b185e53ad7c62292272fc9fec3c7567d0703e3fdd3dcc90945", size = 1139829, upload-time = "2026-07-22T14:12:02.462Z" },
    { url = "https://files.pythonhosted.org/packages/ad/f3/216b8af797eda74af68b0d8ee37d8452adf0cf5b924dd25780e5c3b6296f/hypothesis-6.160.0-cp314-cp314-musllinux_1_2_aarch64.whl", hash = "sha256:5789a0cd225f216690d7d99159bbd5d01a6d42cb6c4a07233739b4bf59c7fa37", size = 1262992, upload-time = "2026-07-22T14:10:34.529Z" },
    { url = "https://files.pythonhosted.org/packages/d8/14/63f14de37f41ed09d56593d9c03e8389a3bffcdbdf71bf05d30b5e3b1e4f/hypothesis-6.160.0-cp314-cp314-musllinux_1_2_x86_64.whl", hash = "sha256:57f6e370e24c3ca4b9bb6cb132baa471745ca3d598f6328a602f590fe531b1e7", size = 1306760, upload-time = "2026-07-22T14:10:59.825Z" },
    { url = "https://files.pythonhosted.org/packages/8f/9f/a94eb847dd98edf233aefb7dbe88bd7bf7506840896454ed03827f844907/hypothesis-6.160.0-cp314-cp314-pyemscripten_2026_0_wasm32.whl", hash = "sha256:5df6d4768d7a2d0bd82cd8704c2732cf80fd13089217a3b0ff7b330b59eb50c6", size = 599306, upload-time = "2026-07-22T14:11:09.704Z" },
    { url = "https://files.pythonhosted.org/packages/cb/10/01a5545d22d61320e5d9507a252cef37a138af97d5c17bcad8ea08bfa936/hypothesis-6.160.0-cp314-cp314-win_amd64.whl", hash = "sha256:bdafeab25029d1261786f68ce7aedaa5c0be3ad4accfb13b32ff206ef6dfaa40", size = 655149, upload-time = "2026-07-22T14:11:12.9Z" },
    { url = "https://files.pythonhosted.org/packages/91/d7/b170ae2dfeea3bc0edb99f361ccd725ce00120ddd2065590ed4281ffd29d/hypothesis-6.160.0-cp314-cp314t-macosx_10_12_x86_64.whl", hash = "sha256:285f6763461d58ef1b9b75efd69b559ba3b91055c7c6fb34b1513b3666106a62", size = 766374, upload-time = "2026-07-22T14:10:37.579Z" },
    { url = "https://files.pythonhosted.org/packages/85/30/64e3ca8d5132688bed13bf0c35b4cb1061975f7bba9201c718c394b14fbb/hypothesis-6.160.0-cp314-cp314t-macosx_11_0_arm64.whl", hash = "sha256:d7cefc720eaf6d80f4ee0be59a12e301f3d16a5941fdbefe11295ca7e567b0c2", size = 757876, upload-time = "2026-07-22T14:11:27.033Z" },
    { url = "https://files.pythonhosted.org/packages/25/a2/219da3305b412dc265be7ecdd846882ff4e399f84896ff561982bb9be0d3/hypothesis-6.160.0-cp314-cp314t-manylinux_2_17_aarch64.manylinux2014_aarch64.whl", hash = "sha256:1ec6ff81bace8494b12b6c2096e8fb18a769e861613a02138700a2cb5e4c1ccd", size = 1088723, upload-time = "2026-07-22T14:10:48.385Z" },
    { url = "https://files.pythonhosted.org/packages/8a/29/c1879c3a25f3069b1102d17bf2b6f6a7c0667128f1fb2efb2e9964bc17c1/hypothesis-6.160.0-cp314-cp314t-manylinux_2_17_x86_64.manylinux2014_x86_64.whl", hash = "sha256:c1c32bed39ecff19f68e37fef7ee4bcd1d13a82378fcd321b61d0cd2f1a360c8", size = 1138696, upload-time = "2026-07-22T14:10:52.712Z" },
    { url = "https://files.pythonhosted.org/packages/b6/15/16239bfc9aad85aa0a0166f61b8aa4eddc69ee57b0c68188f191f4ef0b00/hypothesis-6.160.0-cp314-cp314t-musllinux_1_2_aarch64.whl", hash = "sha256:8d04e56812e135c3223cd06cd0016f61466ce7c56720167046d91123534240f5", size = 1261184, upload-time = "2026-07-22T14:10:43.241Z" },
    { url = "https://files.pythonhosted.org/packages/7d/b8/aa6f06d42d1505b2dab0f82d133d84853391437f34a15c4c39cbcda04f6a/hypothesis-6.160.0-cp314-cp314t-musllinux_1_2_x86_64.whl", hash = "sha256:c18c5eb6260bda6e56689429723d5b62b62cedee88c95de03976799645c9b0ce", size = 1305573, upload-time = "2026-07-22T14:10:51.193Z" },
    { url = "https://files.pythonhosted.org/packages/44/13/645f8c95070a21fa1257f0d4cf68b938d7ec60e8371d79402ce7cb50d3c9/hypothesis-6.160.0-cp314-cp314t-win_amd64.whl", hash = "sha256:deabcb5645076988ac52237a7c3ee8fca2fbd4f859461537374911fbe0e99817", size = 655308, upload-time = "2026-07-22T14:10:38.969Z" },
]

[[package]]
name = "nodejs-wheel-binaries"
version = "24.16.0"
source = { registry = "https://pypi.org/simple" }
sdist = { url = "https://files.pythonhosted.org/packages/a3/22/2a5beb4e21417c73233d9f65cf6f3e96e891b80d2f550a8f630ebc6b88c6/nodejs_wheel_binaries-24.16.0.tar.gz", hash = "sha256:c973cb69dc5fd16e6f6dc6e579e2c3d5534e2a1f57619dddf5ba070efa7dde37", size = 8056, upload-time = "2026-05-30T16:52:09.807Z" }
wheels = [
    { url = "https://files.pythonhosted.org/packages/83/d1/68b43b53cd0fa83ae6fd406705023ca988d9e0ca41c724d82e66fbeb2ef6/nodejs_wheel_binaries-24.16.0-py2.py3-none-macosx_13_0_arm64.whl", hash = "sha256:d9f8f677dcf30e37ac244f07869726abe043f01eb0f45722b1df31cc2af7093c", size = 55666374, upload-time = "2026-05-30T16:51:39.588Z" },
    { url = "https://files.pythonhosted.org/packages/e9/b2/40a989159599080da485de966c4c2d207e852ac7aa7864702626d96c8bf5/nodejs_wheel_binaries-24.16.0-py2.py3-none-macosx_13_0_x86_64.whl", hash = "sha256:3d0370fe7120ce9697a4f60d40480d2bd8808d9f30131458d5afc0040d4e5a51", size = 55838487, upload-time = "2026-05-30T16:51:43.383Z" },
    { url = "https://files.pythonhosted.org/packages/d7/a7/cd42174fb5ff6faff7fa8d326a18914d8f232098ab5de055b57c16fa13ca/nodejs_wheel_binaries-24.16.0-py2.py3-none-manylinux_2_28_aarch64.whl", hash = "sha256:85dc92bbb79c851569c5925dcc2a4c915a034efab375f99e4e7e6bbe9cca8342", size = 60179540, upload-time = "2026-05-30T16:51:47.036Z" },
    { url = "https://files.pythonhosted.org/packages/2b/95/c8a1f9ae140aa28df8744d984d01d4b3af7cdd6555af12127f40ceb45a7d/nodejs_wheel_binaries-24.16.0-py2.py3-none-manylinux_2_28_x86_64.whl", hash = "sha256:2f3036292811514ba847b3708492644764f88a833ac425c5f55007014308ddfd", size = 60716262, upload-time = "2026-05-30T16:51:50.711Z" },
    { url = "https://files.pythonhosted.org/packages/64/c9/7c35b3737f59e36d0249c265397b7bff570519b95301d6e16ea361e904ad/nodejs_wheel_binaries-24.16.0-py2.py3-none-musllinux_1_2_aarch64.whl", hash = "sha256:db8a8a76ebd2b28ecbfc9ad464baa3707241b9e050a30e2efdf6f60c0f886502", size = 62230592, upload-time = "2026-05-30T16:51:55Z" },
    { url = "https://files.pythonhosted.org/packages/04/96/d931255cf9d11a84d6b54d882dba7434646467d568ccf070ea3418638df3/nodejs_wheel_binaries-24.16.0-py2.py3-none-musllinux_1_2_x86_64.whl", hash = "sha256:f1a3d8f7b4491cbbd023ba3fc4e901fcca2d9fb80d57f24ba3890de8b1dbac03", size = 62841759, upload-time = "2026-05-30T16:51:59.407Z" },
    { url = "https://files.pythonhosted.org/packages/a2/7b/8b7a3f41bc255411be30b6d7d288aab8ffd9ea2055db8555ced3548007b9/nodejs_wheel_binaries-24.16.0-py2.py3-none-win_amd64.whl", hash = "sha256:bb136be9944f0662dcf1120f45193a6b75b13fac378971a95cc42c9f879a81aa", size = 42027734, upload-time = "2026-05-30T16:52:03.348Z" },
    { url = "https://files.pythonhosted.org/packages/17/66/1ed71f1f529b8ca727d42c7ceb9db0bef145ce4a13dfc86fb50aa44f3be6/nodejs_wheel_binaries-24.16.0-py2.py3-none-win_arm64.whl", hash = "sha256:8308940b5edd0a50dc5267ea36ba21c9f668e83fe0d9f293937174d3a7e31c36", size = 39714528, upload-time = "2026-05-30T16:52:06.421Z" },
]

[[package]]
name = "sortedcontainers"
version = "2.4.0"
source = { registry = "https://pypi.org/simple" }
sdist = { url = "https://files.pythonhosted.org/packages/e8/c4/ba2f8066cceb6f23394729afe52f3bf7adec04bf9ed2c820b39e19299111/sortedcontainers-2.4.0.tar.gz", hash = "sha256:25caa5a06cc30b6b83d11423433f65d1f9d76c4c6a0c90e3379eaa43b9bfdb88", size = 30594, upload-time = "2021-05-16T22:03:42.897Z" }
wheels = [
    { url = "https://files.pythonhosted.org/packages/32/46/9cb0e58b2deb7f82b84065f37f3bffeb12413f947f9388e4cac22c4621ce/sortedcontainers-2.4.0-py2.py3-none-any.whl", hash = "sha256:a163dcaede0f1c021485e957a39245190e74249897e2ae4b2aa38595db237ee0", size = 29575, upload-time = "2021-05-16T22:03:41.177Z" },
]
